
Microsoft Visual Studio Solution File, Format Version 12.00
# Visual Studio Version 17
VisualStudioVersion = 17.4.33110.190
MinimumVisualStudioVersion = 10.0.40219.1
Project("{FAE04EC0-301F-11D3-BF4B-00C04F79EFBC}") = "Convertitore BinDec", "Convertitore BinDec.csproj", "{9F2FE399-8354-4CCF-A848-EA9DEF4D1D29}"
EndProject
Global
	GlobalSection(SolutionConfigurationPlatforms) = preSolution
		Debug|Any CPU = Debug|Any CPU
		Release|Any CPU = Release|Any CPU
	EndGlobalSection
	GlobalSection(ProjectConfigurationPlatforms) = postSolution
		{9F2FE399-8354-4CCF-A848-EA9DEF4D1D29}.Debug|Any CPU.ActiveCfg = Debug|Any CPU
		{9F2FE399-8354-4CCF-A848-EA9DEF4D1D29}.Debug|Any CPU.Build.0 = Debug|Any CPU
		{9F2FE399-8354-4CCF-A848-EA9DEF4D1D29}.Release|Any CPU.ActiveCfg = Release|Any CPU
		{9F2FE399-8354-4CCF-A848-EA9DEF4D1D29}.Release|Any CPU.Build.0 = Release|Any CPU
	EndGlobalSection
	GlobalSection(SolutionProperties) = preSolution
		HideSolutionNode = FALSE
	EndGlobalSection
	GlobalSection(ExtensibilityGlobals) = postSolution
		SolutionGuid = {795D7232-5B08-4119-87B7-43E8A218EF2A}
	EndGlobalSection
EndGlobal
